
Microsoft Visual Studio Solution File, Format Version 11.00
# Visual Studio 2010
Project("{FAE04EC0-301F-11D3-BF4B-00C04F79EFBC}") = "Inkjam2018", "Assembly-CSharp-firstpass.csproj", "{968A8CBE-E479-DA04-4BF4-162417EC21F4}"
EndProject
Project("{FAE04EC0-301F-11D3-BF4B-00C04F79EFBC}") = "Inkjam2018", "Assembly-CSharp-Editor-firstpass.csproj", "{DDDBF88A-B357-AD44-A403-E18D93E1CC29}"
EndProject
Global
	GlobalSection(SolutionConfigurationPlatforms) = preSolution
		Debug|Any CPU = Debug|Any CPU
		Release|Any CPU = Release|Any CPU
	EndGlobalSection
	GlobalSection(ProjectConfigurationPlatforms) = postSolution
		{968A8CBE-E479-DA04-4BF4-162417EC21F4}.Debug|Any CPU.ActiveCfg = Debug|Any CPU
		{968A8CBE-E479-DA04-4BF4-162417EC21F4}.Debug|Any CPU.Build.0 = Debug|Any CPU
		{968A8CBE-E479-DA04-4BF4-162417EC21F4}.Release|Any CPU.ActiveCfg = Release|Any CPU
		{968A8CBE-E479-DA04-4BF4-162417EC21F4}.Release|Any CPU.Build.0 = Release|Any CPU
		{DDDBF88A-B357-AD44-A403-E18D93E1CC29}.Debug|Any CPU.ActiveCfg = Debug|Any CPU
		{DDDBF88A-B357-AD44-A403-E18D93E1CC29}.Debug|Any CPU.Build.0 = Debug|Any CPU
		{DDDBF88A-B357-AD44-A403-E18D93E1CC29}.Release|Any CPU.ActiveCfg = Release|Any CPU
		{DDDBF88A-B357-AD44-A403-E18D93E1CC29}.Release|Any CPU.Build.0 = Release|Any CPU
	EndGlobalSection
	GlobalSection(SolutionProperties) = preSolution
		HideSolutionNode = FALSE
	EndGlobalSection
	GlobalSection(MonoDevelopProperties) = preSolution
		StartupItem = Assembly-CSharp.csproj
	EndGlobalSection
EndGlobal
